// !$*UTF8*$!
{
	archiveVersion = 1;
	classes = {
	};
	objectVersion = 55;
	objects = {

/* Begin PBXBuildFile section */
		FA5F5A742887FDCF007A9035 /* Assets.xcassets in Resources */ = {isa = PBXBuildFile; fileRef = FA5F5A732887FDCF007A9035 /* Assets.xcassets */; };
		FA5F5A772887FDCF007A9035 /* Main.storyboard in Resources */ = {isa = PBXBuildFile; fileRef = FA5F5A752887FDCF007A9035 /* Main.storyboard */; };
		FA5F5A822887FDD0007A9035 /* OpenGLBaseTests.swift in Sources */ = {isa = PBXBuildFile; fileRef = FA5F5A812887FDD0007A9035 /* OpenGLBaseTests.swift */; };
		FA5F5A8C2887FDD0007A9035 /* OpenGLBaseUITests.swift in Sources */ = {isa = PBXBuildFile; fileRef = FA5F5A8B2887FDD0007A9035 /* OpenGLBaseUITests.swift */; };
		FA5F5A8E2887FDD0007A9035 /* OpenGLBaseUITestsLaunchTests.swift in Sources */ = {isa = PBXBuildFile; fileRef = FA5F5A8D2887FDD0007A9035 /* OpenGLBaseUITestsLaunchTests.swift */; };
		FA5F5A9C2887FE15007A9035 /* OpenGL.framework in Frameworks */ = {isa = PBXBuildFile; fileRef = FA5F5A9B2887FE15007A9035 /* OpenGL.framework */; };
		FA5F5A9E2887FE1C007A9035 /* GLUT.framework in Frameworks */ = {isa = PBXBuildFile; fileRef = FA5F5A9D2887FE1C007A9035 /* GLUT.framework */; };
		FA5F5ABB2887FF9F007A9035 /* libGLTools.a in Frameworks */ = {isa = PBXBuildFile; fileRef = FA5F5ABA2887FF9F007A9035 /* libGLTools.a */; };
		FA5F5ABD2887FFF3007A9035 /* main.cpp in Sources */ = {isa = PBXBuildFile; fileRef = FA5F5ABC2887FFF3007A9035 /* main.cpp */; };
		FABE4ECF28ADDF6900603745 /* floor.tga in Resources */ = {isa = PBXBuildFile; fileRef = FABE4ECB28ADDF6900603745 /* floor.tga */; };
		FABE4ED028ADDF6900603745 /* brick.tga in Resources */ = {isa = PBXBuildFile; fileRef = FABE4ECC28ADDF6900603745 /* brick.tga */; };
		FABE4ED128ADDF6900603745 /* ceiling.tga in Resources */ = {isa = PBXBuildFile; fileRef = FABE4ECD28ADDF6900603745 /* ceiling.tga */; };
		FABE4ED228ADDF6900603745 /* stone.tga in Resources */ = {isa = PBXBuildFile; fileRef = FABE4ECE28ADDF6900603745 /* stone.tga */; };
/* End PBXBuildFile section */

/* Begin PBXContainerItemProxy section */
		FA5F5A7E2887FDD0007A9035 /* PBXContainerItemProxy */ = {
			isa = PBXContainerItemProxy;
			containerPortal = FA5F5A642887FDCA007A9035 /* Project object */;
			proxyType = 1;
			remoteGlobalIDString = FA5F5A6B2887FDCA007A9035;
			remoteInfo = OpenGLBase;
		};
		FA5F5A882887FDD0007A9035 /* PBXContainerItemProxy */ = {
			isa = PBXContainerItemProxy;
			containerPortal = FA5F5A642887FDCA007A9035 /* Project object */;
			proxyType = 1;
			remoteGlobalIDString = FA5F5A6B2887FDCA007A9035;
			remoteInfo = OpenGLBase;
		};
/* End PBXContainerItemProxy section */

/* Begin PBXFileReference section */
		FA5F5A6C2887FDCA007A9035 /* OpenGLBase.app */ = {isa = PBXFileReference; explicitFileType = wrapper.application; includeInIndex = 0; path = OpenGLBase.app; sourceTree = BUILT_PRODUCTS_DIR; };
		FA5F5A732887FDCF007A9035 /* Assets.xcassets */ = {isa = PBXFileReference; lastKnownFileType = folder.assetcatalog; path = Assets.xcassets; sourceTree = "<group>"; };
		FA5F5A762887FDCF007A9035 /* Base */ = {isa = PBXFileReference; lastKnownFileType = file.storyboard; name = Base; path = Base.lproj/Main.storyboard; sourceTree = "<group>"; };
		FA5F5A782887FDCF007A9035 /* OpenGLBase.entitlements */ = {isa = PBXFileReference; lastKnownFileType = text.plist.entitlements; path = OpenGLBase.entitlements; sourceTree = "<group>"; };
		FA5F5A7D2887FDD0007A9035 /* OpenGLBaseTests.xctest */ = {isa = PBXFileReference; explicitFileType = wrapper.cfbundle; includeInIndex = 0; path = OpenGLBaseTests.xctest; sourceTree = BUILT_PRODUCTS_DIR; };
		FA5F5A812887FDD0007A9035 /* OpenGLBaseTests.swift */ = {isa = PBXFileReference; lastKnownFileType = sourcecode.swift; path = OpenGLBaseTests.swift; sourceTree = "<group>"; };
		FA5F5A872887FDD0007A9035 /* OpenGLBaseUITests.xctest */ = {isa = PBXFileReference; explicitFileType = wrapper.cfbundle; includeInIndex = 0; path = OpenGLBaseUITests.xctest; sourceTree = BUILT_PRODUCTS_DIR; };
		FA5F5A8B2887FDD0007A9035 /* OpenGLBaseUITests.swift */ = {isa = PBXFileReference; lastKnownFileType = sourcecode.swift; path = OpenGLBaseUITests.swift; sourceTree = "<group>"; };
		FA5F5A8D2887FDD0007A9035 /* OpenGLBaseUITestsLaunchTests.swift */ = {isa = PBXFileReference; lastKnownFileType = sourcecode.swift; path = OpenGLBaseUITestsLaunchTests.swift; sourceTree = "<group>"; };
		FA5F5A9B2887FE15007A9035 /* OpenGL.framework */ = {isa = PBXFileReference; lastKnownFileType = wrapper.framework; name = OpenGL.framework; path = System/Library/Frameworks/OpenGL.framework; sourceTree = SDKROOT; };
		FA5F5A9D2887FE1C007A9035 /* GLUT.framework */ = {isa = PBXFileReference; lastKnownFileType = wrapper.framework; name = GLUT.framework; path = System/Library/Frameworks/GLUT.framework; sourceTree = SDKROOT; };
		FA5F5AA42887FEC3007A9035 /* GLMatrixStack.h */ = {isa = PBXFileReference; fileEncoding = 4; lastKnownFileType = sourcecode.c.h; path = GLMatrixStack.h; sourceTree = "<group>"; };
		FA5F5AA52887FEC3007A9035 /* GLBatch.h */ = {isa = PBXFileReference; fileEncoding = 4; lastKnownFileType = sourcecode.c.h; path = GLBatch.h; sourceTree = "<group>"; };
		FA5F5AA72887FEC3007A9035 /* GLTools.h */ = {isa = PBXFileReference; fileEncoding = 4; lastKnownFileType = sourcecode.c.h; path = GLTools.h; sourceTree = "<group>"; };
		FA5F5AA82887FEC3007A9035 /* GLFrustum.h */ = {isa = PBXFileReference; fileEncoding = 4; lastKnownFileType = sourcecode.c.h; path = GLFrustum.h; sourceTree = "<group>"; };
		FA5F5AA92887FEC3007A9035 /* GLShaderManager.h */ = {isa = PBXFileReference; fileEncoding = 4; lastKnownFileType = sourcecode.c.h; path = GLShaderManager.h; sourceTree = "<group>"; };
		FA5F5AAA2887FEC3007A9035 /* GLTriangleBatch.h */ = {isa = PBXFileReference; fileEncoding = 4; lastKnownFileType = sourcecode.c.h; path = GLTriangleBatch.h; sourceTree = "<group>"; };
		FA5F5AAB2887FEC3007A9035 /* GLBatchBase.h */ = {isa = PBXFileReference; fileEncoding = 4; lastKnownFileType = sourcecode.c.h; path = GLBatchBase.h; sourceTree = "<group>"; };
		FA5F5AAC2887FEC3007A9035 /* GLGeometryTransform.h */ = {isa = PBXFileReference; fileEncoding = 4; lastKnownFileType = sourcecode.c.h; path = GLGeometryTransform.h; sourceTree = "<group>"; };
		FA5F5AAD2887FEC4007A9035 /* math3d.h */ = {isa = PBXFileReference; fileEncoding = 4; lastKnownFileType = sourcecode.c.h; path = math3d.h; sourceTree = "<group>"; };
		FA5F5AAE2887FEC4007A9035 /* StopWatch.h */ = {isa = PBXFileReference; fileEncoding = 4; lastKnownFileType = sourcecode.c.h; path = StopWatch.h; sourceTree = "<group>"; };
		FA5F5AAF2887FEC4007A9035 /* GLFrame.h */ = {isa = PBXFileReference; fileEncoding = 4; lastKnownFileType = sourcecode.c.h; path = GLFrame.h; sourceTree = "<group>"; };
		FA5F5AB52887FF36007A9035 /* glew.h */ = {isa = PBXFileReference; fileEncoding = 4; lastKnownFileType = sourcecode.c.h; path = glew.h; sourceTree = "<group>"; };
		FA5F5AB62887FF36007A9035 /* wglew.h */ = {isa = PBXFileReference; fileEncoding = 4; lastKnownFileType = sourcecode.c.h; path = wglew.h; sourceTree = "<group>"; };
		FA5F5AB72887FF36007A9035 /* glxew.h */ = {isa = PBXFileReference; fileEncoding = 4; lastKnownFileType = sourcecode.c.h; path = glxew.h; sourceTree = "<group>"; };
		FA5F5ABA2887FF9F007A9035 /* libGLTools.a */ = {isa = PBXFileReference; lastKnownFileType = archive.ar; path = libGLTools.a; sourceTree = "<group>"; };
		FA5F5ABC2887FFF3007A9035 /* main.cpp */ = {isa = PBXFileReference; lastKnownFileType = sourcecode.cpp.cpp; path = main.cpp; sourceTree = "<group>"; };
		FABE4ECB28ADDF6900603745 /* floor.tga */ = {isa = PBXFileReference; lastKnownFileType = file; path = floor.tga; sourceTree = "<group>"; };
		FABE4ECC28ADDF6900603745 /* brick.tga */ = {isa = PBXFileReference; lastKnownFileType = file; path = brick.tga; sourceTree = "<group>"; };
		FABE4ECD28ADDF6900603745 /* ceiling.tga */ = {isa = PBXFileReference; lastKnownFileType = file; path = ceiling.tga; sourceTree = "<group>"; };
		FABE4ECE28ADDF6900603745 /* stone.tga */ = {isa = PBXFileReference; lastKnownFileType = file; path = stone.tga; sourceTree = "<group>"; };
/* End PBXFileReference section */

/* Begin PBXFrameworksBuildPhase section */
		FA5F5A692887FDCA007A9035 /* Frameworks */ = {
			isa = PBXFrameworksBuildPhase;
			buildActionMask = 2147483647;
			files = (
				FA5F5ABB2887FF9F007A9035 /* libGLTools.a in Frameworks */,
				FA5F5A9E2887FE1C007A9035 /* GLUT.framework in Frameworks */,
				FA5F5A9C2887FE15007A9035 /* OpenGL.framework in Frameworks */,
			);
			runOnlyForDeploymentPostprocessing = 0;
		};
		FA5F5A7A2887FDD0007A9035 /* Frameworks */ = {
			isa = PBXFrameworksBuildPhase;
			buildActionMask = 2147483647;
			files = (
			);
			runOnlyForDeploymentPostprocessing = 0;
		};
		FA5F5A842887FDD0007A9035 /* Frameworks */ = {
			isa = PBXFrameworksBuildPhase;
			buildActionMask = 2147483647;
			files = (
			);
			runOnlyForDeploymentPostprocessing = 0;
		};
/* End PBXFrameworksBuildPhase section */

/* Begin PBXGroup section */
		FA5F5A632887FDCA007A9035 = {
			isa = PBXGroup;
			children = (
				FA5F5A6E2887FDCA007A9035 /* OpenGLBase */,
				FA5F5A802887FDD0007A9035 /* OpenGLBaseTests */,
				FA5F5A8A2887FDD0007A9035 /* OpenGLBaseUITests */,
				FA5F5A6D2887FDCA007A9035 /* Products */,
				FA5F5A9A2887FE14007A9035 /* Frameworks */,
			);
			sourceTree = "<group>";
		};
		FA5F5A6D2887FDCA007A9035 /* Products */ = {
			isa = PBXGroup;
			children = (
				FA5F5A6C2887FDCA007A9035 /* OpenGLBase.app */,
				FA5F5A7D2887FDD0007A9035 /* OpenGLBaseTests.xctest */,
				FA5F5A872887FDD0007A9035 /* OpenGLBaseUITests.xctest */,
			);
			name = Products;
			sourceTree = "<group>";
		};
		FA5F5A6E2887FDCA007A9035 /* OpenGLBase */ = {
			isa = PBXGroup;
			children = (
				FA5F5AA32887FE87007A9035 /* include */,
				FA5F5A732887FDCF007A9035 /* Assets.xcassets */,
				FA5F5A752887FDCF007A9035 /* Main.storyboard */,
				FA5F5A782887FDCF007A9035 /* OpenGLBase.entitlements */,
				FA5F5ABC2887FFF3007A9035 /* main.cpp */,
				FABE4ECA28ADDBFC00603745 /* Supporting Files */,
			);
			path = OpenGLBase;
			sourceTree = "<group>";
		};
		FA5F5A802887FDD0007A9035 /* OpenGLBaseTests */ = {
			isa = PBXGroup;
			children = (
				FA5F5A812887FDD0007A9035 /* OpenGLBaseTests.swift */,
			);
			path = OpenGLBaseTests;
			sourceTree = "<group>";
		};
		FA5F5A8A2887FDD0007A9035 /* OpenGLBaseUITests */ = {
			isa = PBXGroup;
			children = (
				FA5F5A8B2887FDD0007A9035 /* OpenGLBaseUITests.swift */,
				FA5F5A8D2887FDD0007A9035 /* OpenGLBaseUITestsLaunchTests.swift */,
			);
			path = OpenGLBaseUITests;
			sourceTree = "<group>";
		};
		FA5F5A9A2887FE14007A9035 /* Frameworks */ = {
			isa = PBXGroup;
			children = (
				FA5F5ABA2887FF9F007A9035 /* libGLTools.a */,
				FA5F5A9D2887FE1C007A9035 /* GLUT.framework */,
				FA5F5A9B2887FE15007A9035 /* OpenGL.framework */,
			);
			name = Frameworks;
			sourceTree = "<group>";
		};
		FA5F5AA32887FE87007A9035 /* include */ = {
			isa = PBXGroup;
			children = (
				FA5F5AB12887FED9007A9035 /* GL */,
				FA5F5AA52887FEC3007A9035 /* GLBatch.h */,
				FA5F5AAB2887FEC3007A9035 /* GLBatchBase.h */,
				FA5F5AAF2887FEC4007A9035 /* GLFrame.h */,
				FA5F5AA82887FEC3007A9035 /* GLFrustum.h */,
				FA5F5AAC2887FEC3007A9035 /* GLGeometryTransform.h */,
				FA5F5AA42887FEC3007A9035 /* GLMatrixStack.h */,
				FA5F5AA92887FEC3007A9035 /* GLShaderManager.h */,
				FA5F5AA72887FEC3007A9035 /* GLTools.h */,
				FA5F5AAA2887FEC3007A9035 /* GLTriangleBatch.h */,
				FA5F5AAD2887FEC4007A9035 /* math3d.h */,
				FA5F5AAE2887FEC4007A9035 /* StopWatch.h */,
			);
			path = include;
			sourceTree = "<group>";
		};
		FA5F5AB12887FED9007A9035 /* GL */ = {
			isa = PBXGroup;
			children = (
				FA5F5AB52887FF36007A9035 /* glew.h */,
				FA5F5AB72887FF36007A9035 /* glxew.h */,
				FA5F5AB62887FF36007A9035 /* wglew.h */,
			);
			path = GL;
			sourceTree = "<group>";
		};
		FABE4ECA28ADDBFC00603745 /* Supporting Files */ = {
			isa = PBXGroup;
			children = (
				FABE4ECC28ADDF6900603745 /* brick.tga */,
				FABE4ECD28ADDF6900603745 /* ceiling.tga */,
				FABE4ECB28ADDF6900603745 /* floor.tga */,
				FABE4ECE28ADDF6900603745 /* stone.tga */,
			);
			path = "Supporting Files";
			sourceTree = "<group>";
		};
/* End PBXGroup section */

/* Begin PBXNativeTarget section */
		FA5F5A6B2887FDCA007A9035 /* OpenGLBase */ = {
			isa = PBXNativeTarget;
			buildConfigurationList = FA5F5A912887FDD0007A9035 /* Build configuration list for PBXNativeTarget "OpenGLBase" */;
			buildPhases = (
				FA5F5A682887FDCA007A9035 /* Sources */,
				FA5F5A692887FDCA007A9035 /* Frameworks */,
				FA5F5A6A2887FDCA007A9035 /* Resources */,
			);
			buildRules = (
			);
			dependencies = (
			);
			name = OpenGLBase;
			productName = OpenGLBase;
			productReference = FA5F5A6C2887FDCA007A9035 /* OpenGLBase.app */;
			productType = "com.apple.product-type.application";
		};
		FA5F5A7C2887FDD0007A9035 /* OpenGLBaseTests */ = {
			isa = PBXNativeTarget;
			buildConfigurationList = FA5F5A942887FDD0007A9035 /* Build configuration list for PBXNativeTarget "OpenGLBaseTests" */;
			buildPhases = (
				FA5F5A792887FDD0007A9035 /* Sources */,
				FA5F5A7A2887FDD0007A9035 /* Frameworks */,
				FA5F5A7B2887FDD0007A9035 /* Resources */,
			);
			buildRules = (
			);
			dependencies = (
				FA5F5A7F2887FDD0007A9035 /* PBXTargetDependency */,
			);
			name = OpenGLBaseTests;
			productName = OpenGLBaseTests;
			productReference = FA5F5A7D2887FDD0007A9035 /* OpenGLBaseTests.xctest */;
			productType = "com.apple.product-type.bundle.unit-test";
		};
		FA5F5A862887FDD0007A9035 /* OpenGLBaseUITests */ = {
			isa = PBXNativeTarget;
			buildConfigurationList = FA5F5A972887FDD0007A9035 /* Build configuration list for PBXNativeTarget "OpenGLBaseUITests" */;
			buildPhases = (
				FA5F5A832887FDD0007A9035 /* Sources */,
				FA5F5A842887FDD0007A9035 /* Frameworks */,
				FA5F5A852887FDD0007A9035 /* Resources */,
			);
			buildRules = (
			);
			dependencies = (
				FA5F5A892887FDD0007A9035 /* PBXTargetDependency */,
			);
			name = OpenGLBaseUITests;
			productName = OpenGLBaseUITests;
			productReference = FA5F5A872887FDD0007A9035 /* OpenGLBaseUITests.xctest */;
			productType = "com.apple.product-type.bundle.ui-testing";
		};
/* End PBXNativeTarget section */

/* Begin PBXProject section */
		FA5F5A642887FDCA007A9035 /* Project object */ = {
			isa = PBXProject;
			attributes = {
				BuildIndependentTargetsInParallel = 1;
				LastSwiftUpdateCheck = 1310;
				LastUpgradeCheck = 1310;
				TargetAttributes = {
					FA5F5A6B2887FDCA007A9035 = {
						CreatedOnToolsVersion = 13.1;
					};
					FA5F5A7C2887FDD0007A9035 = {
						CreatedOnToolsVersion = 13.1;
						TestTargetID = FA5F5A6B2887FDCA007A9035;
					};
					FA5F5A862887FDD0007A9035 = {
						CreatedOnToolsVersion = 13.1;
						TestTargetID = FA5F5A6B2887FDCA007A9035;
					};
				};
			};
			buildConfigurationList = FA5F5A672887FDCA007A9035 /* Build configuration list for PBXProject "OpenGLBase" */;
			compatibilityVersion = "Xcode 13.0";
			developmentRegion = en;
			hasScannedForEncodings = 0;
			knownRegions = (
				en,
				Base,
			);
			mainGroup = FA5F5A632887FDCA007A9035;
			productRefGroup = FA5F5A6D2887FDCA007A9035 /* Products */;
			projectDirPath = "";
			projectRoot = "";
			targets = (
				FA5F5A6B2887FDCA007A9035 /* OpenGLBase */,
				FA5F5A7C2887FDD0007A9035 /* OpenGLBaseTests */,
				FA5F5A862887FDD0007A9035 /* OpenGLBaseUITests */,
			);
		};
/* End PBXProject section */

/* Begin PBXResourcesBuildPhase section */
		FA5F5A6A2887FDCA007A9035 /* Resources */ = {
			isa = PBXResourcesBuildPhase;
			buildActionMask = 2147483647;
			files = (
				FABE4ECF28ADDF6900603745 /* floor.tga in Resources */,
				FA5F5A742887FDCF007A9035 /* Assets.xcassets in Resources */,
				FABE4ED028ADDF6900603745 /* brick.tga in Resources */,
				FABE4ED128ADDF6900603745 /* ceiling.tga in Resources */,
				FABE4ED228ADDF6900603745 /* stone.tga in Resources */,
				FA5F5A772887FDCF007A9035 /* Main.storyboard in Resources */,
			);
			runOnlyForDeploymentPostprocessing = 0;
		};
		FA5F5A7B2887FDD0007A9035 /* Resources */ = {
			isa = PBXResourcesBuildPhase;
			buildActionMask = 2147483647;
			files = (
			);
			runOnlyForDeploymentPostprocessing = 0;
		};
		FA5F5A852887FDD0007A9035 /* Resources */ = {
			isa = PBXResourcesBuildPhase;
			buildActionMask = 2147483647;
			files = (
			);
			runOnlyForDeploymentPostprocessing = 0;
		};
/* End PBXResourcesBuildPhase section */

/* Begin PBXSourcesBuildPhase section */
		FA5F5A682887FDCA007A9035 /* Sources */ = {
			isa = PBXSourcesBuildPhase;
			buildActionMask = 2147483647;
			files = (
				FA5F5ABD2887FFF3007A9035 /* main.cpp in Sources */,
			);
			runOnlyForDeploymentPostprocessing = 0;
		};
		FA5F5A792887FDD0007A9035 /* Sources */ = {
			isa = PBXSourcesBuildPhase;
			buildActionMask = 2147483647;
			files = (
				FA5F5A822887FDD0007A9035 /* OpenGLBaseTests.swift in Sources */,
			);
			runOnlyForDeploymentPostprocessing = 0;
		};
		FA5F5A832887FDD0007A9035 /* Sources */ = {
			isa = PBXSourcesBuildPhase;
			buildActionMask = 2147483647;
			files = (
				FA5F5A8E2887FDD0007A9035 /* OpenGLBaseUITestsLaunchTests.swift in Sources */,
				FA5F5A8C2887FDD0007A9035 /* OpenGLBaseUITests.swift in Sources */,
			);
			runOnlyForDeploymentPostprocessing = 0;
		};
/* End PBXSourcesBuildPhase section */

/* Begin PBXTargetDependency section */
		FA5F5A7F2887FDD0007A9035 /* PBXTargetDependency */ = {
			isa = PBXTargetDependency;
			target = FA5F5A6B2887FDCA007A9035 /* OpenGLBase */;
			targetProxy = FA5F5A7E2887FDD0007A9035 /* PBXContainerItemProxy */;
		};
		FA5F5A892887FDD0007A9035 /* PBXTargetDependency */ = {
			isa = PBXTargetDependency;
			target = FA5F5A6B2887FDCA007A9035 /* OpenGLBase */;
			targetProxy = FA5F5A882887FDD0007A9035 /* PBXContainerItemProxy */;
		};
/* End PBXTargetDependency section */

/* Begin PBXVariantGroup section */
		FA5F5A752887FDCF007A9035 /* Main.storyboard */ = {
			isa = PBXVariantGroup;
			children = (
				FA5F5A762887FDCF007A9035 /* Base */,
			);
			name = Main.storyboard;
			sourceTree = "<group>";
		};
/* End PBXVariantGroup section */

/* Begin XCBuildConfiguration section */
		FA5F5A8F2887FDD0007A9035 /* Debug */ = {
			isa = XCBuildConfiguration;
			buildSettings = {
				ALWAYS_SEARCH_USER_PATHS = NO;
				CLANG_ANALYZER_NONNULL = YES;
				CLANG_ANALYZER_NUMBER_OBJECT_CONVERSION = YES_AGGRESSIVE;
				CLANG_CXX_LANGUAGE_STANDARD = "gnu++17";
				CLANG_CXX_LIBRARY = "libc++";
				CLANG_ENABLE_MODULES = YES;
				CLANG_ENABLE_OBJC_ARC = YES;
				CLANG_ENABLE_OBJC_WEAK = YES;
				CLANG_WARN_BLOCK_CAPTURE_AUTORELEASING = YES;
				CLANG_WARN_BOOL_CONVERSION = YES;
				CLANG_WARN_COMMA = YES;
				CLANG_WARN_CONSTANT_CONVERSION = YES;
				CLANG_WARN_DEPRECATED_OBJC_IMPLEMENTATIONS = YES;
				CLANG_WARN_DIRECT_OBJC_ISA_USAGE = YES_ERROR;
				CLANG_WARN_DOCUMENTATION_COMMENTS = YES;
				CLANG_WARN_EMPTY_BODY = YES;
				CLANG_WARN_ENUM_CONVERSION = YES;
				CLANG_WARN_INFINITE_RECURSION = YES;
				CLANG_WARN_INT_CONVERSION = YES;
				CLANG_WARN_NON_LITERAL_NULL_CONVERSION = YES;
				CLANG_WARN_OBJC_IMPLICIT_RETAIN_SELF = YES;
				CLANG_WARN_OBJC_LITERAL_CONVERSION = YES;
				CLANG_WARN_OBJC_ROOT_CLASS = YES_ERROR;
				CLANG_WARN_QUOTED_INCLUDE_IN_FRAMEWORK_HEADER = YES;
				CLANG_WARN_RANGE_LOOP_ANALYSIS = YES;
				CLANG_WARN_STRICT_PROTOTYPES = YES;
				CLANG_WARN_SUSPICIOUS_MOVE = YES;
				CLANG_WARN_UNGUARDED_AVAILABILITY = YES_AGGRESSIVE;
				CLANG_WARN_UNREACHABLE_CODE = YES;
				CLANG_WARN__DUPLICATE_METHOD_MATCH = YES;
				COPY_PHASE_STRIP = NO;
				DEBUG_INFORMATION_FORMAT = dwarf;
				ENABLE_STRICT_OBJC_MSGSEND = YES;
				ENABLE_TESTABILITY = YES;
				GCC_C_LANGUAGE_STANDARD = gnu11;
				GCC_DYNAMIC_NO_PIC = NO;
				GCC_NO_COMMON_BLOCKS = YES;
				GCC_OPTIMIZATION_LEVEL = 0;
				GCC_PREPROCESSOR_DEFINITIONS = (
					"DEBUG=1",
					"$(inherited)",
				);
				GCC_WARN_64_TO_32_BIT_CONVERSION = YES;
				GCC_WARN_ABOUT_RETURN_TYPE = YES_ERROR;
				GCC_WARN_UNDECLARED_SELECTOR = YES;
				GCC_WARN_UNINITIALIZED_AUTOS = YES_AGGRESSIVE;
				GCC_WARN_UNUSED_FUNCTION = YES;
				GCC_WARN_UNUSED_VARIABLE = YES;
				MACOSX_DEPLOYMENT_TARGET = 11.4;
				MTL_ENABLE_DEBUG_INFO = INCLUDE_SOURCE;
				MTL_FAST_MATH = YES;
				ONLY_ACTIVE_ARCH = YES;
				SDKROOT = macosx;
				SWIFT_ACTIVE_COMPILATION_CONDITIONS = DEBUG;
				SWIFT_OPTIMIZATION_LEVEL = "-Onone";
			};
			name = Debug;
		};
		FA5F5A902887FDD0007A9035 /* Release */ = {
			isa = XCBuildConfiguration;
			buildSettings = {
				ALWAYS_SEARCH_USER_PATHS = NO;
				CLANG_ANALYZER_NONNULL = YES;
				CLANG_ANALYZER_NUMBER_OBJECT_CONVERSION = YES_AGGRESSIVE;
				CLANG_CXX_LANGUAGE_STANDARD = "gnu++17";
				CLANG_CXX_LIBRARY = "libc++";
				CLANG_ENABLE_MODULES = YES;
				CLANG_ENABLE_OBJC_ARC = YES;
				CLANG_ENABLE_OBJC_WEAK = YES;
				CLANG_WARN_BLOCK_CAPTURE_AUTORELEASING = YES;
				CLANG_WARN_BOOL_CONVERSION = YES;
				CLANG_WARN_COMMA = YES;
				CLANG_WARN_CONSTANT_CONVERSION = YES;
				CLANG_WARN_DEPRECATED_OBJC_IMPLEMENTATIONS = YES;
				CLANG_WARN_DIRECT_OBJC_ISA_USAGE = YES_ERROR;
				CLANG_WARN_DOCUMENTATION_COMMENTS = YES;
				CLANG_WARN_EMPTY_BODY = YES;
				CLANG_WARN_ENUM_CONVERSION = YES;
				CLANG_WARN_INFINITE_RECURSION = YES;
				CLANG_WARN_INT_CONVERSION = YES;
				CLANG_WARN_NON_LITERAL_NULL_CONVERSION = YES;
				CLANG_WARN_OBJC_IMPLICIT_RETAIN_SELF = YES;
				CLANG_WARN_OBJC_LITERAL_CONVERSION = YES;
				CLANG_WARN_OBJC_ROOT_CLASS = YES_ERROR;
				CLANG_WARN_QUOTED_INCLUDE_IN_FRAMEWORK_HEADER = YES;
				CLANG_WARN_RANGE_LOOP_ANALYSIS = YES;
				CLANG_WARN_STRICT_PROTOTYPES = YES;
				CLANG_WARN_SUSPICIOUS_MOVE = YES;
				CLANG_WARN_UNGUARDED_AVAILABILITY = YES_AGGRESSIVE;
				CLANG_WARN_UNREACHABLE_CODE = YES;
				CLANG_WARN__DUPLICATE_METHOD_MATCH = YES;
				COPY_PHASE_STRIP = NO;
				DEBUG_INFORMATION_FORMAT = "dwarf-with-dsym";
				ENABLE_NS_ASSERTIONS = NO;
				ENABLE_STRICT_OBJC_MSGSEND = YES;
				GCC_C_LANGUAGE_STANDARD = gnu11;
				GCC_NO_COMMON_BLOCKS = YES;
				GCC_WARN_64_TO_32_BIT_CONVERSION = YES;
				GCC_WARN_ABOUT_RETURN_TYPE = YES_ERROR;
				GCC_WARN_UNDECLARED_SELECTOR = YES;
				GCC_WARN_UNINITIALIZED_AUTOS = YES_AGGRESSIVE;
				GCC_WARN_UNUSED_FUNCTION = YES;
				GCC_WARN_UNUSED_VARIABLE = YES;
				MACOSX_DEPLOYMENT_TARGET = 11.4;
				MTL_ENABLE_DEBUG_INFO = NO;
				MTL_FAST_MATH = YES;
				SDKROOT = macosx;
				SWIFT_COMPILATION_MODE = wholemodule;
				SWIFT_OPTIMIZATION_LEVEL = "-O";
			};
			name = Release;
		};
		FA5F5A922887FDD0007A9035 /* Debug */ = {
			isa = XCBuildConfiguration;
			buildSettings = {
				ASSETCATALOG_COMPILER_APPICON_NAME = AppIcon;
				ASSETCATALOG_COMPILER_GLOBAL_ACCENT_COLOR_NAME = AccentColor;
				CODE_SIGN_ENTITLEMENTS = OpenGLBase/OpenGLBase.entitlements;
				CODE_SIGN_STYLE = Automatic;
				COMBINE_HIDPI_IMAGES = YES;
				CURRENT_PROJECT_VERSION = 1;
				GENERATE_INFOPLIST_FILE = YES;
				HEADER_SEARCH_PATHS = "\"$(SRCROOT)/OpenGLBase/include\"";
				INFOPLIST_KEY_NSHumanReadableCopyright = "";
				INFOPLIST_KEY_NSMainStoryboardFile = Main;
				INFOPLIST_KEY_NSPrincipalClass = NSApplication;
				LD_RUNPATH_SEARCH_PATHS = (
					"$(inherited)",
					"@executable_path/../Frameworks",
				);
				LIBRARY_SEARCH_PATHS = (
					"$(inherited)",
					"$(PROJECT_DIR)",
				);
				MARKETING_VERSION = 1.0;
				PRODUCT_BUNDLE_IDENTIFIER = com.imkit.www.OpenGLBase;
				PRODUCT_NAME = "$(TARGET_NAME)";
				SWIFT_EMIT_LOC_STRINGS = YES;
				SWIFT_VERSION = 5.0;
			};
			name = Debug;
		};
		FA5F5A932887FDD0007A9035 /* Release */ = {
			isa = XCBuildConfiguration;
			buildSettings = {
				ASSETCATALOG_COMPILER_APPICON_NAME = AppIcon;
				ASSETCATALOG_COMPILER_GLOBAL_ACCENT_COLOR_NAME = AccentColor;
				CODE_SIGN_ENTITLEMENTS = OpenGLBase/OpenGLBase.entitlements;
				CODE_SIGN_STYLE = Automatic;
				COMBINE_HIDPI_IMAGES = YES;
				CURRENT_PROJECT_VERSION = 1;
				GENERATE_INFOPLIST_FILE = YES;
				HEADER_SEARCH_PATHS = "\"$(SRCROOT)/OpenGLBase/include\"";
				INFOPLIST_KEY_NSHumanReadableCopyright = "";
				INFOPLIST_KEY_NSMainStoryboardFile = Main;
				INFOPLIST_KEY_NSPrincipalClass = NSApplication;
				LD_RUNPATH_SEARCH_PATHS = (
					"$(inherited)",
					"@executable_path/../Frameworks",
				);
				LIBRARY_SEARCH_PATHS = (
					"$(inherited)",
					"$(PROJECT_DIR)",
				);
				MARKETING_VERSION = 1.0;
				PRODUCT_BUNDLE_IDENTIFIER = com.imkit.www.OpenGLBase;
				PRODUCT_NAME = "$(TARGET_NAME)";
				SWIFT_EMIT_LOC_STRINGS = YES;
				SWIFT_VERSION = 5.0;
			};
			name = Release;
		};
		FA5F5A952887FDD0007A9035 /* Debug */ = {
			isa = XCBuildConfiguration;
			buildSettings = {
				BUNDLE_LOADER = "$(TEST_HOST)";
				CODE_SIGN_STYLE = Automatic;
				COMBINE_HIDPI_IMAGES = YES;
				CURRENT_PROJECT_VERSION = 1;
				GENERATE_INFOPLIST_FILE = YES;
				LD_RUNPATH_SEARCH_PATHS = (
					"$(inherited)",
					"@executable_path/../Frameworks",
					"@loader_path/../Frameworks",
				);
				MACOSX_DEPLOYMENT_TARGET = 11.4;
				MARKETING_VERSION = 1.0;
				PRODUCT_BUNDLE_IDENTIFIER = com.imkit.www.OpenGLBaseTests;
				PRODUCT_NAME = "$(TARGET_NAME)";
				SWIFT_EMIT_LOC_STRINGS = NO;
				SWIFT_VERSION = 5.0;
				TEST_HOST = "$(BUILT_PRODUCTS_DIR)/OpenGLBase.app/Contents/MacOS/OpenGLBase";
			};
			name = Debug;
		};
		FA5F5A962887FDD0007A9035 /* Release */ = {
			isa = XCBuildConfiguration;
			buildSettings = {
				BUNDLE_LOADER = "$(TEST_HOST)";
				CODE_SIGN_STYLE = Automatic;
				COMBINE_HIDPI_IMAGES = YES;
				CURRENT_PROJECT_VERSION = 1;
				GENERATE_INFOPLIST_FILE = YES;
				LD_RUNPATH_SEARCH_PATHS = (
					"$(inherited)",
					"@executable_path/../Frameworks",
					"@loader_path/../Frameworks",
				);
				MACOSX_DEPLOYMENT_TARGET = 11.4;
				MARKETING_VERSION = 1.0;
				PRODUCT_BUNDLE_IDENTIFIER = com.imkit.www.OpenGLBaseTests;
				PRODUCT_NAME = "$(TARGET_NAME)";
				SWIFT_EMIT_LOC_STRINGS = NO;
				SWIFT_VERSION = 5.0;
				TEST_HOST = "$(BUILT_PRODUCTS_DIR)/OpenGLBase.app/Contents/MacOS/OpenGLBase";
			};
			name = Release;
		};
		FA5F5A982887FDD0007A9035 /* Debug */ = {
			isa = XCBuildConfiguration;
			buildSettings = {
				CODE_SIGN_STYLE = Automatic;
				COMBINE_HIDPI_IMAGES = YES;
				CURRENT_PROJECT_VERSION = 1;
				GENERATE_INFOPLIST_FILE = YES;
				LD_RUNPATH_SEARCH_PATHS = (
					"$(inherited)",
					"@executable_path/../Frameworks",
					"@loader_path/../Frameworks",
				);
				MARKETING_VERSION = 1.0;
				PRODUCT_BUNDLE_IDENTIFIER = com.imkit.www.OpenGLBaseUITests;
				PRODUCT_NAME = "$(TARGET_NAME)";
				SWIFT_EMIT_LOC_STRINGS = NO;
				SWIFT_VERSION = 5.0;
				TEST_TARGET_NAME = OpenGLBase;
			};
			name = Debug;
		};
		FA5F5A992887FDD0007A9035 /* Release */ = {
			isa = XCBuildConfiguration;
			buildSettings = {
				CODE_SIGN_STYLE = Automatic;
				COMBINE_HIDPI_IMAGES = YES;
				CURRENT_PROJECT_VERSION = 1;
				GENERATE_INFOPLIST_FILE = YES;
				LD_RUNPATH_SEARCH_PATHS = (
					"$(inherited)",
					"@executable_path/../Frameworks",
					"@loader_path/../Frameworks",
				);
				MARKETING_VERSION = 1.0;
				PRODUCT_BUNDLE_IDENTIFIER = com.imkit.www.OpenGLBaseUITests;
				PRODUCT_NAME = "$(TARGET_NAME)";
				SWIFT_EMIT_LOC_STRINGS = NO;
				SWIFT_VERSION = 5.0;
				TEST_TARGET_NAME = OpenGLBase;
			};
			name = Release;
		};
/* End XCBuildConfiguration section */

/* Begin XCConfigurationList section */
		FA5F5A672887FDCA007A9035 /* Build configuration list for PBXProject "OpenGLBase" */ = {
			isa = XCConfigurationList;
			buildConfigurations = (
				FA5F5A8F2887FDD0007A9035 /* Debug */,
				FA5F5A902887FDD0007A9035 /* Release */,
			);
			defaultConfigurationIsVisible = 0;
			defaultConfigurationName = Release;
		};
		FA5F5A912887FDD0007A9035 /* Build configuration list for PBXNativeTarget "OpenGLBase" */ = {
			isa = XCConfigurationList;
			buildConfigurations = (
				FA5F5A922887FDD0007A9035 /* Debug */,
				FA5F5A932887FDD0007A9035 /* Release */,
			);
			defaultConfigurationIsVisible = 0;
			defaultConfigurationName = Release;
		};
		FA5F5A942887FDD0007A9035 /* Build configuration list for PBXNativeTarget "OpenGLBaseTests" */ = {
			isa = XCConfigurationList;
			buildConfigurations = (
				FA5F5A952887FDD0007A9035 /* Debug */,
				FA5F5A962887FDD0007A9035 /* Release */,
			);
			defaultConfigurationIsVisible = 0;
			defaultConfigurationName = Release;
		};
		FA5F5A972887FDD0007A9035 /* Build configuration list for PBXNativeTarget "OpenGLBaseUITests" */ = {
			isa = XCConfigurationList;
			buildConfigurations = (
				FA5F5A982887FDD0007A9035 /* Debug */,
				FA5F5A992887FDD0007A9035 /* Release */,
			);
			defaultConfigurationIsVisible = 0;
			defaultConfigurationName = Release;
		};
/* End XCConfigurationList section */
	};
	rootObject = FA5F5A642887FDCA007A9035 /* Project object */;
}
