// !$*UTF8*$!
{
	archiveVersion = 1;
	classes = {
	};
	objectVersion = 55;
	objects = {

/* Begin PBXBuildFile section */
		FA76E19428C0A8A20034D565 /* AppDelegate.swift in Sources */ = {isa = PBXBuildFile; fileRef = FA76E19328C0A8A20034D565 /* AppDelegate.swift */; };
		FA76E19628C0A8A20034D565 /* SceneDelegate.swift in Sources */ = {isa = PBXBuildFile; fileRef = FA76E19528C0A8A20034D565 /* SceneDelegate.swift */; };
		FA76E19828C0A8A20034D565 /* ViewController.swift in Sources */ = {isa = PBXBuildFile; fileRef = FA76E19728C0A8A20034D565 /* ViewController.swift */; };
		FA76E19B28C0A8A20034D565 /* Main.storyboard in Resources */ = {isa = PBXBuildFile; fileRef = FA76E19928C0A8A20034D565 /* Main.storyboard */; };
		FA76E19D28C0A8A40034D565 /* Assets.xcassets in Resources */ = {isa = PBXBuildFile; fileRef = FA76E19C28C0A8A40034D565 /* Assets.xcassets */; };
		FA76E1A028C0A8A40034D565 /* LaunchScreen.storyboard in Resources */ = {isa = PBXBuildFile; fileRef = FA76E19E28C0A8A40034D565 /* LaunchScreen.storyboard */; };
		FA76E1AB28C0A8A40034D565 /* GLKitVIewDemoTests.swift in Sources */ = {isa = PBXBuildFile; fileRef = FA76E1AA28C0A8A40034D565 /* GLKitVIewDemoTests.swift */; };
		FA76E1B528C0A8A40034D565 /* GLKitVIewDemoUITests.swift in Sources */ = {isa = PBXBuildFile; fileRef = FA76E1B428C0A8A40034D565 /* GLKitVIewDemoUITests.swift */; };
		FA76E1B728C0A8A40034D565 /* GLKitVIewDemoUITestsLaunchTests.swift in Sources */ = {isa = PBXBuildFile; fileRef = FA76E1B628C0A8A40034D565 /* GLKitVIewDemoUITestsLaunchTests.swift */; };
/* End PBXBuildFile section */

/* Begin PBXContainerItemProxy section */
		FA76E1A728C0A8A40034D565 /* PBXContainerItemProxy */ = {
			isa = PBXContainerItemProxy;
			containerPortal = FA76E18828C0A8A20034D565 /* Project object */;
			proxyType = 1;
			remoteGlobalIDString = FA76E18F28C0A8A20034D565;
			remoteInfo = GLKitVIewDemo;
		};
		FA76E1B128C0A8A40034D565 /* PBXContainerItemProxy */ = {
			isa = PBXContainerItemProxy;
			containerPortal = FA76E18828C0A8A20034D565 /* Project object */;
			proxyType = 1;
			remoteGlobalIDString = FA76E18F28C0A8A20034D565;
			remoteInfo = GLKitVIewDemo;
		};
/* End PBXContainerItemProxy section */

/* Begin PBXFileReference section */
		FA76E19028C0A8A20034D565 /* GLKitVIewDemo.app */ = {isa = PBXFileReference; explicitFileType = wrapper.application; includeInIndex = 0; path = GLKitVIewDemo.app; sourceTree = BUILT_PRODUCTS_DIR; };
		FA76E19328C0A8A20034D565 /* AppDelegate.swift */ = {isa = PBXFileReference; lastKnownFileType = sourcecode.swift; path = AppDelegate.swift; sourceTree = "<group>"; };
		FA76E19528C0A8A20034D565 /* SceneDelegate.swift */ = {isa = PBXFileReference; lastKnownFileType = sourcecode.swift; path = SceneDelegate.swift; sourceTree = "<group>"; };
		FA76E19728C0A8A20034D565 /* ViewController.swift */ = {isa = PBXFileReference; lastKnownFileType = sourcecode.swift; path = ViewController.swift; sourceTree = "<group>"; };
		FA76E19A28C0A8A20034D565 /* Base */ = {isa = PBXFileReference; lastKnownFileType = file.storyboard; name = Base; path = Base.lproj/Main.storyboard; sourceTree = "<group>"; };
		FA76E19C28C0A8A40034D565 /* Assets.xcassets */ = {isa = PBXFileReference; lastKnownFileType = folder.assetcatalog; path = Assets.xcassets; sourceTree = "<group>"; };
		FA76E19F28C0A8A40034D565 /* Base */ = {isa = PBXFileReference; lastKnownFileType = file.storyboard; name = Base; path = Base.lproj/LaunchScreen.storyboard; sourceTree = "<group>"; };
		FA76E1A128C0A8A40034D565 /* Info.plist */ = {isa = PBXFileReference; lastKnownFileType = text.plist.xml; path = Info.plist; sourceTree = "<group>"; };
		FA76E1A628C0A8A40034D565 /* GLKitVIewDemoTests.xctest */ = {isa = PBXFileReference; explicitFileType = wrapper.cfbundle; includeInIndex = 0; path = GLKitVIewDemoTests.xctest; sourceTree = BUILT_PRODUCTS_DIR; };
		FA76E1AA28C0A8A40034D565 /* GLKitVIewDemoTests.swift */ = {isa = PBXFileReference; lastKnownFileType = sourcecode.swift; path = GLKitVIewDemoTests.swift; sourceTree = "<group>"; };
		FA76E1B028C0A8A40034D565 /* GLKitVIewDemoUITests.xctest */ = {isa = PBXFileReference; explicitFileType = wrapper.cfbundle; includeInIndex = 0; path = GLKitVIewDemoUITests.xctest; sourceTree = BUILT_PRODUCTS_DIR; };
		FA76E1B428C0A8A40034D565 /* GLKitVIewDemoUITests.swift */ = {isa = PBXFileReference; lastKnownFileType = sourcecode.swift; path = GLKitVIewDemoUITests.swift; sourceTree = "<group>"; };
		FA76E1B628C0A8A40034D565 /* GLKitVIewDemoUITestsLaunchTests.swift */ = {isa = PBXFileReference; lastKnownFileType = sourcecode.swift; path = GLKitVIewDemoUITestsLaunchTests.swift; sourceTree = "<group>"; };
/* End PBXFileReference section */

/* Begin PBXFrameworksBuildPhase section */
		FA76E18D28C0A8A20034D565 /* Frameworks */ = {
			isa = PBXFrameworksBuildPhase;
			buildActionMask = 2147483647;
			files = (
			);
			runOnlyForDeploymentPostprocessing = 0;
		};
		FA76E1A328C0A8A40034D565 /* Frameworks */ = {
			isa = PBXFrameworksBuildPhase;
			buildActionMask = 2147483647;
			files = (
			);
			runOnlyForDeploymentPostprocessing = 0;
		};
		FA76E1AD28C0A8A40034D565 /* Frameworks */ = {
			isa = PBXFrameworksBuildPhase;
			buildActionMask = 2147483647;
			files = (
			);
			runOnlyForDeploymentPostprocessing = 0;
		};
/* End PBXFrameworksBuildPhase section */

/* Begin PBXGroup section */
		FA76E18728C0A8A20034D565 = {
			isa = PBXGroup;
			children = (
				FA76E19228C0A8A20034D565 /* GLKitVIewDemo */,
				FA76E1A928C0A8A40034D565 /* GLKitVIewDemoTests */,
				FA76E1B328C0A8A40034D565 /* GLKitVIewDemoUITests */,
				FA76E19128C0A8A20034D565 /* Products */,
			);
			sourceTree = "<group>";
		};
		FA76E19128C0A8A20034D565 /* Products */ = {
			isa = PBXGroup;
			children = (
				FA76E19028C0A8A20034D565 /* GLKitVIewDemo.app */,
				FA76E1A628C0A8A40034D565 /* GLKitVIewDemoTests.xctest */,
				FA76E1B028C0A8A40034D565 /* GLKitVIewDemoUITests.xctest */,
			);
			name = Products;
			sourceTree = "<group>";
		};
		FA76E19228C0A8A20034D565 /* GLKitVIewDemo */ = {
			isa = PBXGroup;
			children = (
				FA76E19328C0A8A20034D565 /* AppDelegate.swift */,
				FA76E19528C0A8A20034D565 /* SceneDelegate.swift */,
				FA76E19728C0A8A20034D565 /* ViewController.swift */,
				FA76E19928C0A8A20034D565 /* Main.storyboard */,
				FA76E19C28C0A8A40034D565 /* Assets.xcassets */,
				FA76E19E28C0A8A40034D565 /* LaunchScreen.storyboard */,
				FA76E1A128C0A8A40034D565 /* Info.plist */,
			);
			path = GLKitVIewDemo;
			sourceTree = "<group>";
		};
		FA76E1A928C0A8A40034D565 /* GLKitVIewDemoTests */ = {
			isa = PBXGroup;
			children = (
				FA76E1AA28C0A8A40034D565 /* GLKitVIewDemoTests.swift */,
			);
			path = GLKitVIewDemoTests;
			sourceTree = "<group>";
		};
		FA76E1B328C0A8A40034D565 /* GLKitVIewDemoUITests */ = {
			isa = PBXGroup;
			children = (
				FA76E1B428C0A8A40034D565 /* GLKitVIewDemoUITests.swift */,
				FA76E1B628C0A8A40034D565 /* GLKitVIewDemoUITestsLaunchTests.swift */,
			);
			path = GLKitVIewDemoUITests;
			sourceTree = "<group>";
		};
/* End PBXGroup section */

/* Begin PBXNativeTarget section */
		FA76E18F28C0A8A20034D565 /* GLKitVIewDemo */ = {
			isa = PBXNativeTarget;
			buildConfigurationList = FA76E1BA28C0A8A40034D565 /* Build configuration list for PBXNativeTarget "GLKitVIewDemo" */;
			buildPhases = (
				FA76E18C28C0A8A20034D565 /* Sources */,
				FA76E18D28C0A8A20034D565 /* Frameworks */,
				FA76E18E28C0A8A20034D565 /* Resources */,
			);
			buildRules = (
			);
			dependencies = (
			);
			name = GLKitVIewDemo;
			productName = GLKitVIewDemo;
			productReference = FA76E19028C0A8A20034D565 /* GLKitVIewDemo.app */;
			productType = "com.apple.product-type.application";
		};
		FA76E1A528C0A8A40034D565 /* GLKitVIewDemoTests */ = {
			isa = PBXNativeTarget;
			buildConfigurationList = FA76E1BD28C0A8A40034D565 /* Build configuration list for PBXNativeTarget "GLKitVIewDemoTests" */;
			buildPhases = (
				FA76E1A228C0A8A40034D565 /* Sources */,
				FA76E1A328C0A8A40034D565 /* Frameworks */,
				FA76E1A428C0A8A40034D565 /* Resources */,
			);
			buildRules = (
			);
			dependencies = (
				FA76E1A828C0A8A40034D565 /* PBXTargetDependency */,
			);
			name = GLKitVIewDemoTests;
			productName = GLKitVIewDemoTests;
			productReference = FA76E1A628C0A8A40034D565 /* GLKitVIewDemoTests.xctest */;
			productType = "com.apple.product-type.bundle.unit-test";
		};
		FA76E1AF28C0A8A40034D565 /* GLKitVIewDemoUITests */ = {
			isa = PBXNativeTarget;
			buildConfigurationList = FA76E1C028C0A8A40034D565 /* Build configuration list for PBXNativeTarget "GLKitVIewDemoUITests" */;
			buildPhases = (
				FA76E1AC28C0A8A40034D565 /* Sources */,
				FA76E1AD28C0A8A40034D565 /* Frameworks */,
				FA76E1AE28C0A8A40034D565 /* Resources */,
			);
			buildRules = (
			);
			dependencies = (
				FA76E1B228C0A8A40034D565 /* PBXTargetDependency */,
			);
			name = GLKitVIewDemoUITests;
			productName = GLKitVIewDemoUITests;
			productReference = FA76E1B028C0A8A40034D565 /* GLKitVIewDemoUITests.xctest */;
			productType = "com.apple.product-type.bundle.ui-testing";
		};
/* End PBXNativeTarget section */

/* Begin PBXProject section */
		FA76E18828C0A8A20034D565 /* Project object */ = {
			isa = PBXProject;
			attributes = {
				BuildIndependentTargetsInParallel = 1;
				LastSwiftUpdateCheck = 1310;
				LastUpgradeCheck = 1310;
				TargetAttributes = {
					FA76E18F28C0A8A20034D565 = {
						CreatedOnToolsVersion = 13.1;
					};
					FA76E1A528C0A8A40034D565 = {
						CreatedOnToolsVersion = 13.1;
						TestTargetID = FA76E18F28C0A8A20034D565;
					};
					FA76E1AF28C0A8A40034D565 = {
						CreatedOnToolsVersion = 13.1;
						TestTargetID = FA76E18F28C0A8A20034D565;
					};
				};
			};
			buildConfigurationList = FA76E18B28C0A8A20034D565 /* Build configuration list for PBXProject "GLKitVIewDemo" */;
			compatibilityVersion = "Xcode 13.0";
			developmentRegion = en;
			hasScannedForEncodings = 0;
			knownRegions = (
				en,
				Base,
			);
			mainGroup = FA76E18728C0A8A20034D565;
			productRefGroup = FA76E19128C0A8A20034D565 /* Products */;
			projectDirPath = "";
			projectRoot = "";
			targets = (
				FA76E18F28C0A8A20034D565 /* GLKitVIewDemo */,
				FA76E1A528C0A8A40034D565 /* GLKitVIewDemoTests */,
				FA76E1AF28C0A8A40034D565 /* GLKitVIewDemoUITests */,
			);
		};
/* End PBXProject section */

/* Begin PBXResourcesBuildPhase section */
		FA76E18E28C0A8A20034D565 /* Resources */ = {
			isa = PBXResourcesBuildPhase;
			buildActionMask = 2147483647;
			files = (
				FA76E1A028C0A8A40034D565 /* LaunchScreen.storyboard in Resources */,
				FA76E19D28C0A8A40034D565 /* Assets.xcassets in Resources */,
				FA76E19B28C0A8A20034D565 /* Main.storyboard in Resources */,
			);
			runOnlyForDeploymentPostprocessing = 0;
		};
		FA76E1A428C0A8A40034D565 /* Resources */ = {
			isa = PBXResourcesBuildPhase;
			buildActionMask = 2147483647;
			files = (
			);
			runOnlyForDeploymentPostprocessing = 0;
		};
		FA76E1AE28C0A8A40034D565 /* Resources */ = {
			isa = PBXResourcesBuildPhase;
			buildActionMask = 2147483647;
			files = (
			);
			runOnlyForDeploymentPostprocessing = 0;
		};
/* End PBXResourcesBuildPhase section */

/* Begin PBXSourcesBuildPhase section */
		FA76E18C28C0A8A20034D565 /* Sources */ = {
			isa = PBXSourcesBuildPhase;
			buildActionMask = 2147483647;
			files = (
				FA76E19828C0A8A20034D565 /* ViewController.swift in Sources */,
				FA76E19428C0A8A20034D565 /* AppDelegate.swift in Sources */,
				FA76E19628C0A8A20034D565 /* SceneDelegate.swift in Sources */,
			);
			runOnlyForDeploymentPostprocessing = 0;
		};
		FA76E1A228C0A8A40034D565 /* Sources */ = {
			isa = PBXSourcesBuildPhase;
			buildActionMask = 2147483647;
			files = (
				FA76E1AB28C0A8A40034D565 /* GLKitVIewDemoTests.swift in Sources */,
			);
			runOnlyForDeploymentPostprocessing = 0;
		};
		FA76E1AC28C0A8A40034D565 /* Sources */ = {
			isa = PBXSourcesBuildPhase;
			buildActionMask = 2147483647;
			files = (
				FA76E1B728C0A8A40034D565 /* GLKitVIewDemoUITestsLaunchTests.swift in Sources */,
				FA76E1B528C0A8A40034D565 /* GLKitVIewDemoUITests.swift in Sources */,
			);
			runOnlyForDeploymentPostprocessing = 0;
		};
/* End PBXSourcesBuildPhase section */

/* Begin PBXTargetDependency section */
		FA76E1A828C0A8A40034D565 /* PBXTargetDependency */ = {
			isa = PBXTargetDependency;
			target = FA76E18F28C0A8A20034D565 /* GLKitVIewDemo */;
			targetProxy = FA76E1A728C0A8A40034D565 /* PBXContainerItemProxy */;
		};
		FA76E1B228C0A8A40034D565 /* PBXTargetDependency */ = {
			isa = PBXTargetDependency;
			target = FA76E18F28C0A8A20034D565 /* GLKitVIewDemo */;
			targetProxy = FA76E1B128C0A8A40034D565 /* PBXContainerItemProxy */;
		};
/* End PBXTargetDependency section */

/* Begin PBXVariantGroup section */
		FA76E19928C0A8A20034D565 /* Main.storyboard */ = {
			isa = PBXVariantGroup;
			children = (
				FA76E19A28C0A8A20034D565 /* Base */,
			);
			name = Main.storyboard;
			sourceTree = "<group>";
		};
		FA76E19E28C0A8A40034D565 /* LaunchScreen.storyboard */ = {
			isa = PBXVariantGroup;
			children = (
				FA76E19F28C0A8A40034D565 /* Base */,
			);
			name = LaunchScreen.storyboard;
			sourceTree = "<group>";
		};
/* End PBXVariantGroup section */

/* Begin XCBuildConfiguration section */
		FA76E1B828C0A8A40034D565 /* Debug */ = {
			isa = XCBuildConfiguration;
			buildSettings = {
				ALWAYS_SEARCH_USER_PATHS = NO;
				CLANG_ANALYZER_NONNULL = YES;
				CLANG_ANALYZER_NUMBER_OBJECT_CONVERSION = YES_AGGRESSIVE;
				CLANG_CXX_LANGUAGE_STANDARD = "gnu++17";
				CLANG_CXX_LIBRARY = "libc++";
				CLANG_ENABLE_MODULES = YES;
				CLANG_ENABLE_OBJC_ARC = YES;
				CLANG_ENABLE_OBJC_WEAK = YES;
				CLANG_WARN_BLOCK_CAPTURE_AUTORELEASING = YES;
				CLANG_WARN_BOOL_CONVERSION = YES;
				CLANG_WARN_COMMA = YES;
				CLANG_WARN_CONSTANT_CONVERSION = YES;
				CLANG_WARN_DEPRECATED_OBJC_IMPLEMENTATIONS = YES;
				CLANG_WARN_DIRECT_OBJC_ISA_USAGE = YES_ERROR;
				CLANG_WARN_DOCUMENTATION_COMMENTS = YES;
				CLANG_WARN_EMPTY_BODY = YES;
				CLANG_WARN_ENUM_CONVERSION = YES;
				CLANG_WARN_INFINITE_RECURSION = YES;
				CLANG_WARN_INT_CONVERSION = YES;
				CLANG_WARN_NON_LITERAL_NULL_CONVERSION = YES;
				CLANG_WARN_OBJC_IMPLICIT_RETAIN_SELF = YES;
				CLANG_WARN_OBJC_LITERAL_CONVERSION = YES;
				CLANG_WARN_OBJC_ROOT_CLASS = YES_ERROR;
				CLANG_WARN_QUOTED_INCLUDE_IN_FRAMEWORK_HEADER = YES;
				CLANG_WARN_RANGE_LOOP_ANALYSIS = YES;
				CLANG_WARN_STRICT_PROTOTYPES = YES;
				CLANG_WARN_SUSPICIOUS_MOVE = YES;
				CLANG_WARN_UNGUARDED_AVAILABILITY = YES_AGGRESSIVE;
				CLANG_WARN_UNREACHABLE_CODE = YES;
				CLANG_WARN__DUPLICATE_METHOD_MATCH = YES;
				COPY_PHASE_STRIP = NO;
				DEBUG_INFORMATION_FORMAT = dwarf;
				ENABLE_STRICT_OBJC_MSGSEND = YES;
				ENABLE_TESTABILITY = YES;
				GCC_C_LANGUAGE_STANDARD = gnu11;
				GCC_DYNAMIC_NO_PIC = NO;
				GCC_NO_COMMON_BLOCKS = YES;
				GCC_OPTIMIZATION_LEVEL = 0;
				GCC_PREPROCESSOR_DEFINITIONS = (
					"DEBUG=1",
					"$(inherited)",
					"GLES_SILENCE_DEPRECATION=1",
				);
				GCC_WARN_64_TO_32_BIT_CONVERSION = YES;
				GCC_WARN_ABOUT_RETURN_TYPE = YES_ERROR;
				GCC_WARN_UNDECLARED_SELECTOR = YES;
				GCC_WARN_UNINITIALIZED_AUTOS = YES_AGGRESSIVE;
				GCC_WARN_UNUSED_FUNCTION = YES;
				GCC_WARN_UNUSED_VARIABLE = YES;
				IPHONEOS_DEPLOYMENT_TARGET = 15.0;
				MTL_ENABLE_DEBUG_INFO = INCLUDE_SOURCE;
				MTL_FAST_MATH = YES;
				ONLY_ACTIVE_ARCH = YES;
				SDKROOT = iphoneos;
				SWIFT_ACTIVE_COMPILATION_CONDITIONS = DEBUG;
				SWIFT_OPTIMIZATION_LEVEL = "-Onone";
			};
			name = Debug;
		};
		FA76E1B928C0A8A40034D565 /* Release */ = {
			isa = XCBuildConfiguration;
			buildSettings = {
				ALWAYS_SEARCH_USER_PATHS = NO;
				CLANG_ANALYZER_NONNULL = YES;
				CLANG_ANALYZER_NUMBER_OBJECT_CONVERSION = YES_AGGRESSIVE;
				CLANG_CXX_LANGUAGE_STANDARD = "gnu++17";
				CLANG_CXX_LIBRARY = "libc++";
				CLANG_ENABLE_MODULES = YES;
				CLANG_ENABLE_OBJC_ARC = YES;
				CLANG_ENABLE_OBJC_WEAK = YES;
				CLANG_WARN_BLOCK_CAPTURE_AUTORELEASING = YES;
				CLANG_WARN_BOOL_CONVERSION = YES;
				CLANG_WARN_COMMA = YES;
				CLANG_WARN_CONSTANT_CONVERSION = YES;
				CLANG_WARN_DEPRECATED_OBJC_IMPLEMENTATIONS = YES;
				CLANG_WARN_DIRECT_OBJC_ISA_USAGE = YES_ERROR;
				CLANG_WARN_DOCUMENTATION_COMMENTS = YES;
				CLANG_WARN_EMPTY_BODY = YES;
				CLANG_WARN_ENUM_CONVERSION = YES;
				CLANG_WARN_INFINITE_RECURSION = YES;
				CLANG_WARN_INT_CONVERSION = YES;
				CLANG_WARN_NON_LITERAL_NULL_CONVERSION = YES;
				CLANG_WARN_OBJC_IMPLICIT_RETAIN_SELF = YES;
				CLANG_WARN_OBJC_LITERAL_CONVERSION = YES;
				CLANG_WARN_OBJC_ROOT_CLASS = YES_ERROR;
				CLANG_WARN_QUOTED_INCLUDE_IN_FRAMEWORK_HEADER = YES;
				CLANG_WARN_RANGE_LOOP_ANALYSIS = YES;
				CLANG_WARN_STRICT_PROTOTYPES = YES;
				CLANG_WARN_SUSPICIOUS_MOVE = YES;
				CLANG_WARN_UNGUARDED_AVAILABILITY = YES_AGGRESSIVE;
				CLANG_WARN_UNREACHABLE_CODE = YES;
				CLANG_WARN__DUPLICATE_METHOD_MATCH = YES;
				COPY_PHASE_STRIP = NO;
				DEBUG_INFORMATION_FORMAT = "dwarf-with-dsym";
				ENABLE_NS_ASSERTIONS = NO;
				ENABLE_STRICT_OBJC_MSGSEND = YES;
				GCC_C_LANGUAGE_STANDARD = gnu11;
				GCC_NO_COMMON_BLOCKS = YES;
				GCC_WARN_64_TO_32_BIT_CONVERSION = YES;
				GCC_WARN_ABOUT_RETURN_TYPE = YES_ERROR;
				GCC_WARN_UNDECLARED_SELECTOR = YES;
				GCC_WARN_UNINITIALIZED_AUTOS = YES_AGGRESSIVE;
				GCC_WARN_UNUSED_FUNCTION = YES;
				GCC_WARN_UNUSED_VARIABLE = YES;
				IPHONEOS_DEPLOYMENT_TARGET = 15.0;
				MTL_ENABLE_DEBUG_INFO = NO;
				MTL_FAST_MATH = YES;
				SDKROOT = iphoneos;
				SWIFT_COMPILATION_MODE = wholemodule;
				SWIFT_OPTIMIZATION_LEVEL = "-O";
				VALIDATE_PRODUCT = YES;
			};
			name = Release;
		};
		FA76E1BB28C0A8A40034D565 /* Debug */ = {
			isa = XCBuildConfiguration;
			buildSettings = {
				ASSETCATALOG_COMPILER_APPICON_NAME = AppIcon;
				ASSETCATALOG_COMPILER_GLOBAL_ACCENT_COLOR_NAME = AccentColor;
				CODE_SIGN_STYLE = Automatic;
				CURRENT_PROJECT_VERSION = 1;
				GENERATE_INFOPLIST_FILE = YES;
				INFOPLIST_FILE = GLKitVIewDemo/Info.plist;
				INFOPLIST_KEY_UIApplicationSupportsIndirectInputEvents = YES;
				INFOPLIST_KEY_UILaunchStoryboardName = LaunchScreen;
				INFOPLIST_KEY_UIMainStoryboardFile = Main;
				INFOPLIST_KEY_UISupportedInterfaceOrientations_iPad = "UIInterfaceOrientationPortrait UIInterfaceOrientationPortraitUpsideDown UIInterfaceOrientationLandscapeLeft UIInterfaceOrientationLandscapeRight";
				INFOPLIST_KEY_UISupportedInterfaceOrientations_iPhone = "UIInterfaceOrientationPortrait UIInterfaceOrientationLandscapeLeft UIInterfaceOrientationLandscapeRight";
				LD_RUNPATH_SEARCH_PATHS = (
					"$(inherited)",
					"@executable_path/Frameworks",
				);
				MARKETING_VERSION = 1.0;
				PRODUCT_BUNDLE_IDENTIFIER = com.imkit.www.GLKitVIewDemo;
				PRODUCT_NAME = "$(TARGET_NAME)";
				SWIFT_EMIT_LOC_STRINGS = YES;
				SWIFT_VERSION = 5.0;
				TARGETED_DEVICE_FAMILY = "1,2";
			};
			name = Debug;
		};
		FA76E1BC28C0A8A40034D565 /* Release */ = {
			isa = XCBuildConfiguration;
			buildSettings = {
				ASSETCATALOG_COMPILER_APPICON_NAME = AppIcon;
				ASSETCATALOG_COMPILER_GLOBAL_ACCENT_COLOR_NAME = AccentColor;
				CODE_SIGN_STYLE = Automatic;
				CURRENT_PROJECT_VERSION = 1;
				GENERATE_INFOPLIST_FILE = YES;
				INFOPLIST_FILE = GLKitVIewDemo/Info.plist;
				INFOPLIST_KEY_UIApplicationSupportsIndirectInputEvents = YES;
				INFOPLIST_KEY_UILaunchStoryboardName = LaunchScreen;
				INFOPLIST_KEY_UIMainStoryboardFile = Main;
				INFOPLIST_KEY_UISupportedInterfaceOrientations_iPad = "UIInterfaceOrientationPortrait UIInterfaceOrientationPortraitUpsideDown UIInterfaceOrientationLandscapeLeft UIInterfaceOrientationLandscapeRight";
				INFOPLIST_KEY_UISupportedInterfaceOrientations_iPhone = "UIInterfaceOrientationPortrait UIInterfaceOrientationLandscapeLeft UIInterfaceOrientationLandscapeRight";
				LD_RUNPATH_SEARCH_PATHS = (
					"$(inherited)",
					"@executable_path/Frameworks",
				);
				MARKETING_VERSION = 1.0;
				PRODUCT_BUNDLE_IDENTIFIER = com.imkit.www.GLKitVIewDemo;
				PRODUCT_NAME = "$(TARGET_NAME)";
				SWIFT_EMIT_LOC_STRINGS = YES;
				SWIFT_VERSION = 5.0;
				TARGETED_DEVICE_FAMILY = "1,2";
			};
			name = Release;
		};
		FA76E1BE28C0A8A40034D565 /* Debug */ = {
			isa = XCBuildConfiguration;
			buildSettings = {
				ALWAYS_EMBED_SWIFT_STANDARD_LIBRARIES = YES;
				BUNDLE_LOADER = "$(TEST_HOST)";
				CODE_SIGN_STYLE = Automatic;
				CURRENT_PROJECT_VERSION = 1;
				GENERATE_INFOPLIST_FILE = YES;
				IPHONEOS_DEPLOYMENT_TARGET = 15.0;
				LD_RUNPATH_SEARCH_PATHS = (
					"$(inherited)",
					"@executable_path/Frameworks",
					"@loader_path/Frameworks",
				);
				MARKETING_VERSION = 1.0;
				PRODUCT_BUNDLE_IDENTIFIER = com.imkit.www.GLKitVIewDemoTests;
				PRODUCT_NAME = "$(TARGET_NAME)";
				SWIFT_EMIT_LOC_STRINGS = NO;
				SWIFT_VERSION = 5.0;
				TARGETED_DEVICE_FAMILY = "1,2";
				TEST_HOST = "$(BUILT_PRODUCTS_DIR)/GLKitVIewDemo.app/GLKitVIewDemo";
			};
			name = Debug;
		};
		FA76E1BF28C0A8A40034D565 /* Release */ = {
			isa = XCBuildConfiguration;
			buildSettings = {
				ALWAYS_EMBED_SWIFT_STANDARD_LIBRARIES = YES;
				BUNDLE_LOADER = "$(TEST_HOST)";
				CODE_SIGN_STYLE = Automatic;
				CURRENT_PROJECT_VERSION = 1;
				GENERATE_INFOPLIST_FILE = YES;
				IPHONEOS_DEPLOYMENT_TARGET = 15.0;
				LD_RUNPATH_SEARCH_PATHS = (
					"$(inherited)",
					"@executable_path/Frameworks",
					"@loader_path/Frameworks",
				);
				MARKETING_VERSION = 1.0;
				PRODUCT_BUNDLE_IDENTIFIER = com.imkit.www.GLKitVIewDemoTests;
				PRODUCT_NAME = "$(TARGET_NAME)";
				SWIFT_EMIT_LOC_STRINGS = NO;
				SWIFT_VERSION = 5.0;
				TARGETED_DEVICE_FAMILY = "1,2";
				TEST_HOST = "$(BUILT_PRODUCTS_DIR)/GLKitVIewDemo.app/GLKitVIewDemo";
			};
			name = Release;
		};
		FA76E1C128C0A8A40034D565 /* Debug */ = {
			isa = XCBuildConfiguration;
			buildSettings = {
				ALWAYS_EMBED_SWIFT_STANDARD_LIBRARIES = YES;
				CODE_SIGN_STYLE = Automatic;
				CURRENT_PROJECT_VERSION = 1;
				GENERATE_INFOPLIST_FILE = YES;
				LD_RUNPATH_SEARCH_PATHS = (
					"$(inherited)",
					"@executable_path/Frameworks",
					"@loader_path/Frameworks",
				);
				MARKETING_VERSION = 1.0;
				PRODUCT_BUNDLE_IDENTIFIER = com.imkit.www.GLKitVIewDemoUITests;
				PRODUCT_NAME = "$(TARGET_NAME)";
				SWIFT_EMIT_LOC_STRINGS = NO;
				SWIFT_VERSION = 5.0;
				TARGETED_DEVICE_FAMILY = "1,2";
				TEST_TARGET_NAME = GLKitVIewDemo;
			};
			name = Debug;
		};
		FA76E1C228C0A8A40034D565 /* Release */ = {
			isa = XCBuildConfiguration;
			buildSettings = {
				ALWAYS_EMBED_SWIFT_STANDARD_LIBRARIES = YES;
				CODE_SIGN_STYLE = Automatic;
				CURRENT_PROJECT_VERSION = 1;
				GENERATE_INFOPLIST_FILE = YES;
				LD_RUNPATH_SEARCH_PATHS = (
					"$(inherited)",
					"@executable_path/Frameworks",
					"@loader_path/Frameworks",
				);
				MARKETING_VERSION = 1.0;
				PRODUCT_BUNDLE_IDENTIFIER = com.imkit.www.GLKitVIewDemoUITests;
				PRODUCT_NAME = "$(TARGET_NAME)";
				SWIFT_EMIT_LOC_STRINGS = NO;
				SWIFT_VERSION = 5.0;
				TARGETED_DEVICE_FAMILY = "1,2";
				TEST_TARGET_NAME = GLKitVIewDemo;
			};
			name = Release;
		};
/* End XCBuildConfiguration section */

/* Begin XCConfigurationList section */
		FA76E18B28C0A8A20034D565 /* Build configuration list for PBXProject "GLKitVIewDemo" */ = {
			isa = XCConfigurationList;
			buildConfigurations = (
				FA76E1B828C0A8A40034D565 /* Debug */,
				FA76E1B928C0A8A40034D565 /* Release */,
			);
			defaultConfigurationIsVisible = 0;
			defaultConfigurationName = Release;
		};
		FA76E1BA28C0A8A40034D565 /* Build configuration list for PBXNativeTarget "GLKitVIewDemo" */ = {
			isa = XCConfigurationList;
			buildConfigurations = (
				FA76E1BB28C0A8A40034D565 /* Debug */,
				FA76E1BC28C0A8A40034D565 /* Release */,
			);
			defaultConfigurationIsVisible = 0;
			defaultConfigurationName = Release;
		};
		FA76E1BD28C0A8A40034D565 /* Build configuration list for PBXNativeTarget "GLKitVIewDemoTests" */ = {
			isa = XCConfigurationList;
			buildConfigurations = (
				FA76E1BE28C0A8A40034D565 /* Debug */,
				FA76E1BF28C0A8A40034D565 /* Release */,
			);
			defaultConfigurationIsVisible = 0;
			defaultConfigurationName = Release;
		};
		FA76E1C028C0A8A40034D565 /* Build configuration list for PBXNativeTarget "GLKitVIewDemoUITests" */ = {
			isa = XCConfigurationList;
			buildConfigurations = (
				FA76E1C128C0A8A40034D565 /* Debug */,
				FA76E1C228C0A8A40034D565 /* Release */,
			);
			defaultConfigurationIsVisible = 0;
			defaultConfigurationName = Release;
		};
/* End XCConfigurationList section */
	};
	rootObject = FA76E18828C0A8A20034D565 /* Project object */;
}
